// !$*UTF8*$!
{
	archiveVersion = 1;
	classes = {
	};
	objectVersion = 56;
	objects = {

/* Begin PBXBuildFile section */
		9F2F8D582AFEE44F00DC9392 /* AppDelegate.swift in Sources */ = {isa = PBXBuildFile; fileRef = 9F2F8D572AFEE44F00DC9392 /* AppDelegate.swift */; };
		9F2F8D5A2AFEE44F00DC9392 /* SceneDelegate.swift in Sources */ = {isa = PBXBuildFile; fileRef = 9F2F8D592AFEE44F00DC9392 /* SceneDelegate.swift */; };
		9F2F8D5F2AFEE44F00DC9392 /* Main.storyboard in Resources */ = {isa = PBXBuildFile; fileRef = 9F2F8D5D2AFEE44F00DC9392 /* Main.storyboard */; };
		9F2F8D612AFEE45400DC9392 /* Assets.xcassets in Resources */ = {isa = PBXBuildFile; fileRef = 9F2F8D602AFEE45400DC9392 /* Assets.xcassets */; };
		9F2F8D642AFEE45400DC9392 /* LaunchScreen.storyboard in Resources */ = {isa = PBXBuildFile; fileRef = 9F2F8D622AFEE45400DC9392 /* LaunchScreen.storyboard */; };
		9F2F8D6F2AFEE45500DC9392 /* Assignment3Tests.swift in Sources */ = {isa = PBXBuildFile; fileRef = 9F2F8D6E2AFEE45500DC9392 /* Assignment3Tests.swift */; };
		9F2F8D792AFEE45500DC9392 /* Assignment3UITests.swift in Sources */ = {isa = PBXBuildFile; fileRef = 9F2F8D782AFEE45500DC9392 /* Assignment3UITests.swift */; };
		9F2F8D7B2AFEE45500DC9392 /* Assignment3UITestsLaunchTests.swift in Sources */ = {isa = PBXBuildFile; fileRef = 9F2F8D7A2AFEE45500DC9392 /* Assignment3UITestsLaunchTests.swift */; };
		9F2F8D882B019E9B00DC9392 /* ImageViewController.swift in Sources */ = {isa = PBXBuildFile; fileRef = 9F2F8D872B019E9B00DC9392 /* ImageViewController.swift */; };
		9F2F8D8A2B019EAA00DC9392 /* AddViewController.swift in Sources */ = {isa = PBXBuildFile; fileRef = 9F2F8D892B019EAA00DC9392 /* AddViewController.swift */; };
		9F2F8D8C2B019EF500DC9392 /* picture.swift in Sources */ = {isa = PBXBuildFile; fileRef = 9F2F8D8B2B019EF500DC9392 /* picture.swift */; };
/* End PBXBuildFile section */

/* Begin PBXContainerItemProxy section */
		9F2F8D6B2AFEE45500DC9392 /* PBXContainerItemProxy */ = {
			isa = PBXContainerItemProxy;
			containerPortal = 9F2F8D4C2AFEE44F00DC9392 /* Project object */;
			proxyType = 1;
			remoteGlobalIDString = 9F2F8D532AFEE44F00DC9392;
			remoteInfo = Assignment3;
		};
		9F2F8D752AFEE45500DC9392 /* PBXContainerItemProxy */ = {
			isa = PBXContainerItemProxy;
			containerPortal = 9F2F8D4C2AFEE44F00DC9392 /* Project object */;
			proxyType = 1;
			remoteGlobalIDString = 9F2F8D532AFEE44F00DC9392;
			remoteInfo = Assignment3;
		};
/* End PBXContainerItemProxy section */

/* Begin PBXFileReference section */
		9F2F8D542AFEE44F00DC9392 /* Assignment3.app */ = {isa = PBXFileReference; explicitFileType = wrapper.application; includeInIndex = 0; path = Assignment3.app; sourceTree = BUILT_PRODUCTS_DIR; };
		9F2F8D572AFEE44F00DC9392 /* AppDelegate.swift */ = {isa = PBXFileReference; lastKnownFileType = sourcecode.swift; path = AppDelegate.swift; sourceTree = "<group>"; };
		9F2F8D592AFEE44F00DC9392 /* SceneDelegate.swift */ = {isa = PBXFileReference; lastKnownFileType = sourcecode.swift; path = SceneDelegate.swift; sourceTree = "<group>"; };
		9F2F8D5E2AFEE44F00DC9392 /* Base */ = {isa = PBXFileReference; lastKnownFileType = file.storyboard; name = Base; path = Base.lproj/Main.storyboard; sourceTree = "<group>"; };
		9F2F8D602AFEE45400DC9392 /* Assets.xcassets */ = {isa = PBXFileReference; lastKnownFileType = folder.assetcatalog; path = Assets.xcassets; sourceTree = "<group>"; };
		9F2F8D632AFEE45400DC9392 /* Base */ = {isa = PBXFileReference; lastKnownFileType = file.storyboard; name = Base; path = Base.lproj/LaunchScreen.storyboard; sourceTree = "<group>"; };
		9F2F8D652AFEE45400DC9392 /* Info.plist */ = {isa = PBXFileReference; lastKnownFileType = text.plist.xml; path = Info.plist; sourceTree = "<group>"; };
		9F2F8D6A2AFEE45500DC9392 /* Assignment3Tests.xctest */ = {isa = PBXFileReference; explicitFileType = wrapper.cfbundle; includeInIndex = 0; path = Assignment3Tests.xctest; sourceTree = BUILT_PRODUCTS_DIR; };
		9F2F8D6E2AFEE45500DC9392 /* Assignment3Tests.swift */ = {isa = PBXFileReference; lastKnownFileType = sourcecode.swift; path = Assignment3Tests.swift; sourceTree = "<group>"; };
		9F2F8D742AFEE45500DC9392 /* Assignment3UITests.xctest */ = {isa = PBXFileReference; explicitFileType = wrapper.cfbundle; includeInIndex = 0; path = Assignment3UITests.xctest; sourceTree = BUILT_PRODUCTS_DIR; };
		9F2F8D782AFEE45500DC9392 /* Assignment3UITests.swift */ = {isa = PBXFileReference; lastKnownFileType = sourcecode.swift; path = Assignment3UITests.swift; sourceTree = "<group>"; };
		9F2F8D7A2AFEE45500DC9392 /* Assignment3UITestsLaunchTests.swift */ = {isa = PBXFileReference; lastKnownFileType = sourcecode.swift; path = Assignment3UITestsLaunchTests.swift; sourceTree = "<group>"; };
		9F2F8D872B019E9B00DC9392 /* ImageViewController.swift */ = {isa = PBXFileReference; lastKnownFileType = sourcecode.swift; path = ImageViewController.swift; sourceTree = "<group>"; };
		9F2F8D892B019EAA00DC9392 /* AddViewController.swift */ = {isa = PBXFileReference; lastKnownFileType = sourcecode.swift; path = AddViewController.swift; sourceTree = "<group>"; };
		9F2F8D8B2B019EF500DC9392 /* picture.swift */ = {isa = PBXFileReference; lastKnownFileType = sourcecode.swift; path = picture.swift; sourceTree = "<group>"; };
/* End PBXFileReference section */

/* Begin PBXFrameworksBuildPhase section */
		9F2F8D512AFEE44F00DC9392 /* Frameworks */ = {
			isa = PBXFrameworksBuildPhase;
			buildActionMask = 2147483647;
			files = (
			);
			runOnlyForDeploymentPostprocessing = 0;
		};
		9F2F8D672AFEE45500DC9392 /* Frameworks */ = {
			isa = PBXFrameworksBuildPhase;
			buildActionMask = 2147483647;
			files = (
			);
			runOnlyForDeploymentPostprocessing = 0;
		};
		9F2F8D712AFEE45500DC9392 /* Frameworks */ = {
			isa = PBXFrameworksBuildPhase;
			buildActionMask = 2147483647;
			files = (
			);
			runOnlyForDeploymentPostprocessing = 0;
		};
/* End PBXFrameworksBuildPhase section */

/* Begin PBXGroup section */
		9F2F8D4B2AFEE44F00DC9392 = {
			isa = PBXGroup;
			children = (
				9F2F8D562AFEE44F00DC9392 /* Assignment3 */,
				9F2F8D6D2AFEE45500DC9392 /* Assignment3Tests */,
				9F2F8D772AFEE45500DC9392 /* Assignment3UITests */,
				9F2F8D552AFEE44F00DC9392 /* Products */,
			);
			sourceTree = "<group>";
		};
		9F2F8D552AFEE44F00DC9392 /* Products */ = {
			isa = PBXGroup;
			children = (
				9F2F8D542AFEE44F00DC9392 /* Assignment3.app */,
				9F2F8D6A2AFEE45500DC9392 /* Assignment3Tests.xctest */,
				9F2F8D742AFEE45500DC9392 /* Assignment3UITests.xctest */,
			);
			name = Products;
			sourceTree = "<group>";
		};
		9F2F8D562AFEE44F00DC9392 /* Assignment3 */ = {
			isa = PBXGroup;
			children = (
				9F2F8D572AFEE44F00DC9392 /* AppDelegate.swift */,
				9F2F8D592AFEE44F00DC9392 /* SceneDelegate.swift */,
				9F2F8D5D2AFEE44F00DC9392 /* Main.storyboard */,
				9F2F8D602AFEE45400DC9392 /* Assets.xcassets */,
				9F2F8D622AFEE45400DC9392 /* LaunchScreen.storyboard */,
				9F2F8D652AFEE45400DC9392 /* Info.plist */,
				9F2F8D872B019E9B00DC9392 /* ImageViewController.swift */,
				9F2F8D892B019EAA00DC9392 /* AddViewController.swift */,
				9F2F8D8B2B019EF500DC9392 /* picture.swift */,
			);
			path = Assignment3;
			sourceTree = "<group>";
		};
		9F2F8D6D2AFEE45500DC9392 /* Assignment3Tests */ = {
			isa = PBXGroup;
			children = (
				9F2F8D6E2AFEE45500DC9392 /* Assignment3Tests.swift */,
			);
			path = Assignment3Tests;
			sourceTree = "<group>";
		};
		9F2F8D772AFEE45500DC9392 /* Assignment3UITests */ = {
			isa = PBXGroup;
			children = (
				9F2F8D782AFEE45500DC9392 /* Assignment3UITests.swift */,
				9F2F8D7A2AFEE45500DC9392 /* Assignment3UITestsLaunchTests.swift */,
			);
			path = Assignment3UITests;
			sourceTree = "<group>";
		};
/* End PBXGroup section */

/* Begin PBXNativeTarget section */
		9F2F8D532AFEE44F00DC9392 /* Assignment3 */ = {
			isa = PBXNativeTarget;
			buildConfigurationList = 9F2F8D7E2AFEE45500DC9392 /* Build configuration list for PBXNativeTarget "Assignment3" */;
			buildPhases = (
				9F2F8D502AFEE44F00DC9392 /* Sources */,
				9F2F8D512AFEE44F00DC9392 /* Frameworks */,
				9F2F8D522AFEE44F00DC9392 /* Resources */,
			);
			buildRules = (
			);
			dependencies = (
			);
			name = Assignment3;
			productName = Assignment3;
			productReference = 9F2F8D542AFEE44F00DC9392 /* Assignment3.app */;
			productType = "com.apple.product-type.application";
		};
		9F2F8D692AFEE45500DC9392 /* Assignment3Tests */ = {
			isa = PBXNativeTarget;
			buildConfigurationList = 9F2F8D812AFEE45500DC9392 /* Build configuration list for PBXNativeTarget "Assignment3Tests" */;
			buildPhases = (
				9F2F8D662AFEE45500DC9392 /* Sources */,
				9F2F8D672AFEE45500DC9392 /* Frameworks */,
				9F2F8D682AFEE45500DC9392 /* Resources */,
			);
			buildRules = (
			);
			dependencies = (
				9F2F8D6C2AFEE45500DC9392 /* PBXTargetDependency */,
			);
			name = Assignment3Tests;
			productName = Assignment3Tests;
			productReference = 9F2F8D6A2AFEE45500DC9392 /* Assignment3Tests.xctest */;
			productType = "com.apple.product-type.bundle.unit-test";
		};
		9F2F8D732AFEE45500DC9392 /* Assignment3UITests */ = {
			isa = PBXNativeTarget;
			buildConfigurationList = 9F2F8D842AFEE45500DC9392 /* Build configuration list for PBXNativeTarget "Assignment3UITests" */;
			buildPhases = (
				9F2F8D702AFEE45500DC9392 /* Sources */,
				9F2F8D712AFEE45500DC9392 /* Frameworks */,
				9F2F8D722AFEE45500DC9392 /* Resources */,
			);
			buildRules = (
			);
			dependencies = (
				9F2F8D762AFEE45500DC9392 /* PBXTargetDependency */,
			);
			name = Assignment3UITests;
			productName = Assignment3UITests;
			productReference = 9F2F8D742AFEE45500DC9392 /* Assignment3UITests.xctest */;
			productType = "com.apple.product-type.bundle.ui-testing";
		};
/* End PBXNativeTarget section */

/* Begin PBXProject section */
		9F2F8D4C2AFEE44F00DC9392 /* Project object */ = {
			isa = PBXProject;
			attributes = {
				BuildIndependentTargetsInParallel = 1;
				LastSwiftUpdateCheck = 1500;
				LastUpgradeCheck = 1500;
				TargetAttributes = {
					9F2F8D532AFEE44F00DC9392 = {
						CreatedOnToolsVersion = 15.0;
					};
					9F2F8D692AFEE45500DC9392 = {
						CreatedOnToolsVersion = 15.0;
						TestTargetID = 9F2F8D532AFEE44F00DC9392;
					};
					9F2F8D732AFEE45500DC9392 = {
						CreatedOnToolsVersion = 15.0;
						TestTargetID = 9F2F8D532AFEE44F00DC9392;
					};
				};
			};
			buildConfigurationList = 9F2F8D4F2AFEE44F00DC9392 /* Build configuration list for PBXProject "Assignment3" */;
			compatibilityVersion = "Xcode 14.0";
			developmentRegion = en;
			hasScannedForEncodings = 0;
			knownRegions = (
				en,
				Base,
			);
			mainGroup = 9F2F8D4B2AFEE44F00DC9392;
			productRefGroup = 9F2F8D552AFEE44F00DC9392 /* Products */;
			projectDirPath = "";
			projectRoot = "";
			targets = (
				9F2F8D532AFEE44F00DC9392 /* Assignment3 */,
				9F2F8D692AFEE45500DC9392 /* Assignment3Tests */,
				9F2F8D732AFEE45500DC9392 /* Assignment3UITests */,
			);
		};
/* End PBXProject section */

/* Begin PBXResourcesBuildPhase section */
		9F2F8D522AFEE44F00DC9392 /* Resources */ = {
			isa = PBXResourcesBuildPhase;
			buildActionMask = 2147483647;
			files = (
				9F2F8D642AFEE45400DC9392 /* LaunchScreen.storyboard in Resources */,
				9F2F8D612AFEE45400DC9392 /* Assets.xcassets in Resources */,
				9F2F8D5F2AFEE44F00DC9392 /* Main.storyboard in Resources */,
			);
			runOnlyForDeploymentPostprocessing = 0;
		};
		9F2F8D682AFEE45500DC9392 /* Resources */ = {
			isa = PBXResourcesBuildPhase;
			buildActionMask = 2147483647;
			files = (
			);
			runOnlyForDeploymentPostprocessing = 0;
		};
		9F2F8D722AFEE45500DC9392 /* Resources */ = {
			isa = PBXResourcesBuildPhase;
			buildActionMask = 2147483647;
			files = (
			);
			runOnlyForDeploymentPostprocessing = 0;
		};
/* End PBXResourcesBuildPhase section */

/* Begin PBXSourcesBuildPhase section */
		9F2F8D502AFEE44F00DC9392 /* Sources */ = {
			isa = PBXSourcesBuildPhase;
			buildActionMask = 2147483647;
			files = (
				9F2F8D8A2B019EAA00DC9392 /* AddViewController.swift in Sources */,
				9F2F8D582AFEE44F00DC9392 /* AppDelegate.swift in Sources */,
				9F2F8D8C2B019EF500DC9392 /* picture.swift in Sources */,
				9F2F8D882B019E9B00DC9392 /* ImageViewController.swift in Sources */,
				9F2F8D5A2AFEE44F00DC9392 /* SceneDelegate.swift in Sources */,
			);
			runOnlyForDeploymentPostprocessing = 0;
		};
		9F2F8D662AFEE45500DC9392 /* Sources */ = {
			isa = PBXSourcesBuildPhase;
			buildActionMask = 2147483647;
			files = (
				9F2F8D6F2AFEE45500DC9392 /* Assignment3Tests.swift in Sources */,
			);
			runOnlyForDeploymentPostprocessing = 0;
		};
		9F2F8D702AFEE45500DC9392 /* Sources */ = {
			isa = PBXSourcesBuildPhase;
			buildActionMask = 2147483647;
			files = (
				9F2F8D792AFEE45500DC9392 /* Assignment3UITests.swift in Sources */,
				9F2F8D7B2AFEE45500DC9392 /* Assignment3UITestsLaunchTests.swift in Sources */,
			);
			runOnlyForDeploymentPostprocessing = 0;
		};
/* End PBXSourcesBuildPhase section */

/* Begin PBXTargetDependency section */
		9F2F8D6C2AFEE45500DC9392 /* PBXTargetDependency */ = {
			isa = PBXTargetDependency;
			target = 9F2F8D532AFEE44F00DC9392 /* Assignment3 */;
			targetProxy = 9F2F8D6B2AFEE45500DC9392 /* PBXContainerItemProxy */;
		};
		9F2F8D762AFEE45500DC9392 /* PBXTargetDependency */ = {
			isa = PBXTargetDependency;
			target = 9F2F8D532AFEE44F00DC9392 /* Assignment3 */;
			targetProxy = 9F2F8D752AFEE45500DC9392 /* PBXContainerItemProxy */;
		};
/* End PBXTargetDependency section */

/* Begin PBXVariantGroup section */
		9F2F8D5D2AFEE44F00DC9392 /* Main.storyboard */ = {
			isa = PBXVariantGroup;
			children = (
				9F2F8D5E2AFEE44F00DC9392 /* Base */,
			);
			name = Main.storyboard;
			sourceTree = "<group>";
		};
		9F2F8D622AFEE45400DC9392 /* LaunchScreen.storyboard */ = {
			isa = PBXVariantGroup;
			children = (
				9F2F8D632AFEE45400DC9392 /* Base */,
			);
			name = LaunchScreen.storyboard;
			sourceTree = "<group>";
		};
/* End PBXVariantGroup section */

/* Begin XCBuildConfiguration section */
		9F2F8D7C2AFEE45500DC9392 /* Debug */ = {
			isa = XCBuildConfiguration;
			buildSettings = {
				ALWAYS_SEARCH_USER_PATHS = NO;
				ASSETCATALOG_COMPILER_GENERATE_SWIFT_ASSET_SYMBOL_EXTENSIONS = YES;
				CLANG_ANALYZER_NONNULL = YES;
				CLANG_ANALYZER_NUMBER_OBJECT_CONVERSION = YES_AGGRESSIVE;
				CLANG_CXX_LANGUAGE_STANDARD = "gnu++20";
				CLANG_ENABLE_MODULES = YES;
				CLANG_ENABLE_OBJC_ARC = YES;
				CLANG_ENABLE_OBJC_WEAK = YES;
				CLANG_WARN_BLOCK_CAPTURE_AUTORELEASING = YES;
				CLANG_WARN_BOOL_CONVERSION = YES;
				CLANG_WARN_COMMA = YES;
				CLANG_WARN_CONSTANT_CONVERSION = YES;
				CLANG_WARN_DEPRECATED_OBJC_IMPLEMENTATIONS = YES;
				CLANG_WARN_DIRECT_OBJC_ISA_USAGE = YES_ERROR;
				CLANG_WARN_DOCUMENTATION_COMMENTS = YES;
				CLANG_WARN_EMPTY_BODY = YES;
				CLANG_WARN_ENUM_CONVERSION = YES;
				CLANG_WARN_INFINITE_RECURSION = YES;
				CLANG_WARN_INT_CONVERSION = YES;
				CLANG_WARN_NON_LITERAL_NULL_CONVERSION = YES;
				CLANG_WARN_OBJC_IMPLICIT_RETAIN_SELF = YES;
				CLANG_WARN_OBJC_LITERAL_CONVERSION = YES;
				CLANG_WARN_OBJC_ROOT_CLASS = YES_ERROR;
				CLANG_WARN_QUOTED_INCLUDE_IN_FRAMEWORK_HEADER = YES;
				CLANG_WARN_RANGE_LOOP_ANALYSIS = YES;
				CLANG_WARN_STRICT_PROTOTYPES = YES;
				CLANG_WARN_SUSPICIOUS_MOVE = YES;
				CLANG_WARN_UNGUARDED_AVAILABILITY = YES_AGGRESSIVE;
				CLANG_WARN_UNREACHABLE_CODE = YES;
				CLANG_WARN__DUPLICATE_METHOD_MATCH = YES;
				COPY_PHASE_STRIP = NO;
				DEBUG_INFORMATION_FORMAT = dwarf;
				ENABLE_STRICT_OBJC_MSGSEND = YES;
				ENABLE_TESTABILITY = YES;
				ENABLE_USER_SCRIPT_SANDBOXING = YES;
				GCC_C_LANGUAGE_STANDARD = gnu17;
				GCC_DYNAMIC_NO_PIC = NO;
				GCC_NO_COMMON_BLOCKS = YES;
				GCC_OPTIMIZATION_LEVEL = 0;
				GCC_PREPROCESSOR_DEFINITIONS = (
					"DEBUG=1",
					"$(inherited)",
				);
				GCC_WARN_64_TO_32_BIT_CONVERSION = YES;
				GCC_WARN_ABOUT_RETURN_TYPE = YES_ERROR;
				GCC_WARN_UNDECLARED_SELECTOR = YES;
				GCC_WARN_UNINITIALIZED_AUTOS = YES_AGGRESSIVE;
				GCC_WARN_UNUSED_FUNCTION = YES;
				GCC_WARN_UNUSED_VARIABLE = YES;
				IPHONEOS_DEPLOYMENT_TARGET = 17.0;
				LOCALIZATION_PREFERS_STRING_CATALOGS = YES;
				MTL_ENABLE_DEBUG_INFO = INCLUDE_SOURCE;
				MTL_FAST_MATH = YES;
				ONLY_ACTIVE_ARCH = YES;
				SDKROOT = iphoneos;
				SWIFT_ACTIVE_COMPILATION_CONDITIONS = "DEBUG $(inherited)";
				SWIFT_OPTIMIZATION_LEVEL = "-Onone";
			};
			name = Debug;
		};
		9F2F8D7D2AFEE45500DC9392 /* Release */ = {
			isa = XCBuildConfiguration;
			buildSettings = {
				ALWAYS_SEARCH_USER_PATHS = NO;
				ASSETCATALOG_COMPILER_GENERATE_SWIFT_ASSET_SYMBOL_EXTENSIONS = YES;
				CLANG_ANALYZER_NONNULL = YES;
				CLANG_ANALYZER_NUMBER_OBJECT_CONVERSION = YES_AGGRESSIVE;
				CLANG_CXX_LANGUAGE_STANDARD = "gnu++20";
				CLANG_ENABLE_MODULES = YES;
				CLANG_ENABLE_OBJC_ARC = YES;
				CLANG_ENABLE_OBJC_WEAK = YES;
				CLANG_WARN_BLOCK_CAPTURE_AUTORELEASING = YES;
				CLANG_WARN_BOOL_CONVERSION = YES;
				CLANG_WARN_COMMA = YES;
				CLANG_WARN_CONSTANT_CONVERSION = YES;
				CLANG_WARN_DEPRECATED_OBJC_IMPLEMENTATIONS = YES;
				CLANG_WARN_DIRECT_OBJC_ISA_USAGE = YES_ERROR;
				CLANG_WARN_DOCUMENTATION_COMMENTS = YES;
				CLANG_WARN_EMPTY_BODY = YES;
				CLANG_WARN_ENUM_CONVERSION = YES;
				CLANG_WARN_INFINITE_RECURSION = YES;
				CLANG_WARN_INT_CONVERSION = YES;
				CLANG_WARN_NON_LITERAL_NULL_CONVERSION = YES;
				CLANG_WARN_OBJC_IMPLICIT_RETAIN_SELF = YES;
				CLANG_WARN_OBJC_LITERAL_CONVERSION = YES;
				CLANG_WARN_OBJC_ROOT_CLASS = YES_ERROR;
				CLANG_WARN_QUOTED_INCLUDE_IN_FRAMEWORK_HEADER = YES;
				CLANG_WARN_RANGE_LOOP_ANALYSIS = YES;
				CLANG_WARN_STRICT_PROTOTYPES = YES;
				CLANG_WARN_SUSPICIOUS_MOVE = YES;
				CLANG_WARN_UNGUARDED_AVAILABILITY = YES_AGGRESSIVE;
				CLANG_WARN_UNREACHABLE_CODE = YES;
				CLANG_WARN__DUPLICATE_METHOD_MATCH = YES;
				COPY_PHASE_STRIP = NO;
				DEBUG_INFORMATION_FORMAT = "dwarf-with-dsym";
				ENABLE_NS_ASSERTIONS = NO;
				ENABLE_STRICT_OBJC_MSGSEND = YES;
				ENABLE_USER_SCRIPT_SANDBOXING = YES;
				GCC_C_LANGUAGE_STANDARD = gnu17;
				GCC_NO_COMMON_BLOCKS = YES;
				GCC_WARN_64_TO_32_BIT_CONVERSION = YES;
				GCC_WARN_ABOUT_RETURN_TYPE = YES_ERROR;
				GCC_WARN_UNDECLARED_SELECTOR = YES;
				GCC_WARN_UNINITIALIZED_AUTOS = YES_AGGRESSIVE;
				GCC_WARN_UNUSED_FUNCTION = YES;
				GCC_WARN_UNUSED_VARIABLE = YES;
				IPHONEOS_DEPLOYMENT_TARGET = 17.0;
				LOCALIZATION_PREFERS_STRING_CATALOGS = YES;
				MTL_ENABLE_DEBUG_INFO = NO;
				MTL_FAST_MATH = YES;
				SDKROOT = iphoneos;
				SWIFT_COMPILATION_MODE = wholemodule;
				VALIDATE_PRODUCT = YES;
			};
			name = Release;
		};
		9F2F8D7F2AFEE45500DC9392 /* Debug */ = {
			isa = XCBuildConfiguration;
			buildSettings = {
				ASSETCATALOG_COMPILER_APPICON_NAME = AppIcon;
				ASSETCATALOG_COMPILER_GLOBAL_ACCENT_COLOR_NAME = AccentColor;
				CODE_SIGN_STYLE = Automatic;
				CURRENT_PROJECT_VERSION = 1;
				DEVELOPMENT_TEAM = 4H8356W2BJ;
				GENERATE_INFOPLIST_FILE = YES;
				INFOPLIST_FILE = Assignment3/Info.plist;
				INFOPLIST_KEY_UIApplicationSupportsIndirectInputEvents = YES;
				INFOPLIST_KEY_UILaunchStoryboardName = LaunchScreen;
				INFOPLIST_KEY_UIMainStoryboardFile = Main;
				INFOPLIST_KEY_UISupportedInterfaceOrientations_iPad = "UIInterfaceOrientationPortrait UIInterfaceOrientationPortraitUpsideDown UIInterfaceOrientationLandscapeLeft UIInterfaceOrientationLandscapeRight";
				INFOPLIST_KEY_UISupportedInterfaceOrientations_iPhone = "UIInterfaceOrientationPortrait UIInterfaceOrientationLandscapeLeft UIInterfaceOrientationLandscapeRight";
				LD_RUNPATH_SEARCH_PATHS = (
					"$(inherited)",
					"@executable_path/Frameworks",
				);
				MARKETING_VERSION = 1.0;
				PRODUCT_BUNDLE_IDENTIFIER = ITE5334.Assignment3;
				PRODUCT_NAME = "$(TARGET_NAME)";
				SWIFT_EMIT_LOC_STRINGS = YES;
				SWIFT_VERSION = 5.0;
				TARGETED_DEVICE_FAMILY = "1,2";
			};
			name = Debug;
		};
		9F2F8D802AFEE45500DC9392 /* Release */ = {
			isa = XCBuildConfiguration;
			buildSettings = {
				ASSETCATALOG_COMPILER_APPICON_NAME = AppIcon;
				ASSETCATALOG_COMPILER_GLOBAL_ACCENT_COLOR_NAME = AccentColor;
				CODE_SIGN_STYLE = Automatic;
				CURRENT_PROJECT_VERSION = 1;
				DEVELOPMENT_TEAM = 4H8356W2BJ;
				GENERATE_INFOPLIST_FILE = YES;
				INFOPLIST_FILE = Assignment3/Info.plist;
				INFOPLIST_KEY_UIApplicationSupportsIndirectInputEvents = YES;
				INFOPLIST_KEY_UILaunchStoryboardName = LaunchScreen;
				INFOPLIST_KEY_UIMainStoryboardFile = Main;
				INFOPLIST_KEY_UISupportedInterfaceOrientations_iPad = "UIInterfaceOrientationPortrait UIInterfaceOrientationPortraitUpsideDown UIInterfaceOrientationLandscapeLeft UIInterfaceOrientationLandscapeRight";
				INFOPLIST_KEY_UISupportedInterfaceOrientations_iPhone = "UIInterfaceOrientationPortrait UIInterfaceOrientationLandscapeLeft UIInterfaceOrientationLandscapeRight";
				LD_RUNPATH_SEARCH_PATHS = (
					"$(inherited)",
					"@executable_path/Frameworks",
				);
				MARKETING_VERSION = 1.0;
				PRODUCT_BUNDLE_IDENTIFIER = ITE5334.Assignment3;
				PRODUCT_NAME = "$(TARGET_NAME)";
				SWIFT_EMIT_LOC_STRINGS = YES;
				SWIFT_VERSION = 5.0;
				TARGETED_DEVICE_FAMILY = "1,2";
			};
			name = Release;
		};
		9F2F8D822AFEE45500DC9392 /* Debug */ = {
			isa = XCBuildConfiguration;
			buildSettings = {
				ALWAYS_EMBED_SWIFT_STANDARD_LIBRARIES = YES;
				BUNDLE_LOADER = "$(TEST_HOST)";
				CODE_SIGN_STYLE = Automatic;
				CURRENT_PROJECT_VERSION = 1;
				DEVELOPMENT_TEAM = 4H8356W2BJ;
				GENERATE_INFOPLIST_FILE = YES;
				IPHONEOS_DEPLOYMENT_TARGET = 17.0;
				MARKETING_VERSION = 1.0;
				PRODUCT_BUNDLE_IDENTIFIER = ITE5334.Assignment3Tests;
				PRODUCT_NAME = "$(TARGET_NAME)";
				SWIFT_EMIT_LOC_STRINGS = NO;
				SWIFT_VERSION = 5.0;
				TARGETED_DEVICE_FAMILY = "1,2";
				TEST_HOST = "$(BUILT_PRODUCTS_DIR)/Assignment3.app/$(BUNDLE_EXECUTABLE_FOLDER_PATH)/Assignment3";
			};
			name = Debug;
		};
		9F2F8D832AFEE45500DC9392 /* Release */ = {
			isa = XCBuildConfiguration;
			buildSettings = {
				ALWAYS_EMBED_SWIFT_STANDARD_LIBRARIES = YES;
				BUNDLE_LOADER = "$(TEST_HOST)";
				CODE_SIGN_STYLE = Automatic;
				CURRENT_PROJECT_VERSION = 1;
				DEVELOPMENT_TEAM = 4H8356W2BJ;
				GENERATE_INFOPLIST_FILE = YES;
				IPHONEOS_DEPLOYMENT_TARGET = 17.0;
				MARKETING_VERSION = 1.0;
				PRODUCT_BUNDLE_IDENTIFIER = ITE5334.Assignment3Tests;
				PRODUCT_NAME = "$(TARGET_NAME)";
				SWIFT_EMIT_LOC_STRINGS = NO;
				SWIFT_VERSION = 5.0;
				TARGETED_DEVICE_FAMILY = "1,2";
				TEST_HOST = "$(BUILT_PRODUCTS_DIR)/Assignment3.app/$(BUNDLE_EXECUTABLE_FOLDER_PATH)/Assignment3";
			};
			name = Release;
		};
		9F2F8D852AFEE45500DC9392 /* Debug */ = {
			isa = XCBuildConfiguration;
			buildSettings = {
				ALWAYS_EMBED_SWIFT_STANDARD_LIBRARIES = YES;
				CODE_SIGN_STYLE = Automatic;
				CURRENT_PROJECT_VERSION = 1;
				DEVELOPMENT_TEAM = 4H8356W2BJ;
				GENERATE_INFOPLIST_FILE = YES;
				MARKETING_VERSION = 1.0;
				PRODUCT_BUNDLE_IDENTIFIER = ITE5334.Assignment3UITests;
				PRODUCT_NAME = "$(TARGET_NAME)";
				SWIFT_EMIT_LOC_STRINGS = NO;
				SWIFT_VERSION = 5.0;
				TARGETED_DEVICE_FAMILY = "1,2";
				TEST_TARGET_NAME = Assignment3;
			};
			name = Debug;
		};
		9F2F8D862AFEE45500DC9392 /* Release */ = {
			isa = XCBuildConfiguration;
			buildSettings = {
				ALWAYS_EMBED_SWIFT_STANDARD_LIBRARIES = YES;
				CODE_SIGN_STYLE = Automatic;
				CURRENT_PROJECT_VERSION = 1;
				DEVELOPMENT_TEAM = 4H8356W2BJ;
				GENERATE_INFOPLIST_FILE = YES;
				MARKETING_VERSION = 1.0;
				PRODUCT_BUNDLE_IDENTIFIER = ITE5334.Assignment3UITests;
				PRODUCT_NAME = "$(TARGET_NAME)";
				SWIFT_EMIT_LOC_STRINGS = NO;
				SWIFT_VERSION = 5.0;
				TARGETED_DEVICE_FAMILY = "1,2";
				TEST_TARGET_NAME = Assignment3;
			};
			name = Release;
		};
/* End XCBuildConfiguration section */

/* Begin XCConfigurationList section */
		9F2F8D4F2AFEE44F00DC9392 /* Build configuration list for PBXProject "Assignment3" */ = {
			isa = XCConfigurationList;
			buildConfigurations = (
				9F2F8D7C2AFEE45500DC9392 /* Debug */,
				9F2F8D7D2AFEE45500DC9392 /* Release */,
			);
			defaultConfigurationIsVisible = 0;
			defaultConfigurationName = Release;
		};
		9F2F8D7E2AFEE45500DC9392 /* Build configuration list for PBXNativeTarget "Assignment3" */ = {
			isa = XCConfigurationList;
			buildConfigurations = (
				9F2F8D7F2AFEE45500DC9392 /* Debug */,
				9F2F8D802AFEE45500DC9392 /* Release */,
			);
			defaultConfigurationIsVisible = 0;
			defaultConfigurationName = Release;
		};
		9F2F8D812AFEE45500DC9392 /* Build configuration list for PBXNativeTarget "Assignment3Tests" */ = {
			isa = XCConfigurationList;
			buildConfigurations = (
				9F2F8D822AFEE45500DC9392 /* Debug */,
				9F2F8D832AFEE45500DC9392 /* Release */,
			);
			defaultConfigurationIsVisible = 0;
			defaultConfigurationName = Release;
		};
		9F2F8D842AFEE45500DC9392 /* Build configuration list for PBXNativeTarget "Assignment3UITests" */ = {
			isa = XCConfigurationList;
			buildConfigurations = (
				9F2F8D852AFEE45500DC9392 /* Debug */,
				9F2F8D862AFEE45500DC9392 /* Release */,
			);
			defaultConfigurationIsVisible = 0;
			defaultConfigurationName = Release;
		};
/* End XCConfigurationList section */
	};
	rootObject = 9F2F8D4C2AFEE44F00DC9392 /* Project object */;
}
